// !$*UTF8*$!
{
	archiveVersion = 1;
	classes = {
	};
	objectVersion = 46;
	objects = {

/* Begin PBXBuildFile section */
		5AA3ABA91E6219BE0032C9E6 /* AppDelegate.swift in Sources */ = {isa = PBXBuildFile; fileRef = 5AA3ABA81E6219BE0032C9E6 /* AppDelegate.swift */; };
		5AA3ABAB1E6219BE0032C9E6 /* ViewController.swift in Sources */ = {isa = PBXBuildFile; fileRef = 5AA3ABAA1E6219BE0032C9E6 /* ViewController.swift */; };
		5AA3ABAE1E6219BE0032C9E6 /* Main.storyboard in Resources */ = {isa = PBXBuildFile; fileRef = 5AA3ABAC1E6219BE0032C9E6 /* Main.storyboard */; };
		5AA3ABB01E6219BE0032C9E6 /* Assets.xcassets in Resources */ = {isa = PBXBuildFile; fileRef = 5AA3ABAF1E6219BE0032C9E6 /* Assets.xcassets */; };
		5AA3ABB31E6219BE0032C9E6 /* LaunchScreen.storyboard in Resources */ = {isa = PBXBuildFile; fileRef = 5AA3ABB11E6219BE0032C9E6 /* LaunchScreen.storyboard */; };
		5AA3ABBE1E6219BE0032C9E6 /* UnitaryTests.swift in Sources */ = {isa = PBXBuildFile; fileRef = 5AA3ABBD1E6219BE0032C9E6 /* UnitaryTests.swift */; };
		5AA3ABC91E6219BE0032C9E6 /* UnitaryUITests.swift in Sources */ = {isa = PBXBuildFile; fileRef = 5AA3ABC81E6219BE0032C9E6 /* UnitaryUITests.swift */; };
		5AA3ABCE1E6219BE0032C9E6 /* Unitary WatchKit App.app in Embed Watch Content */ = {isa = PBXBuildFile; fileRef = 5AA3ABCD1E6219BE0032C9E6 /* Unitary WatchKit App.app */; };
		5AA3ABD41E6219BE0032C9E6 /* Interface.storyboard in Resources */ = {isa = PBXBuildFile; fileRef = 5AA3ABD21E6219BE0032C9E6 /* Interface.storyboard */; };
		5AA3ABD61E6219BE0032C9E6 /* Assets.xcassets in Resources */ = {isa = PBXBuildFile; fileRef = 5AA3ABD51E6219BE0032C9E6 /* Assets.xcassets */; };
		5AA3ABDD1E6219BF0032C9E6 /* Unitary WatchKit Extension.appex in Embed App Extensions */ = {isa = PBXBuildFile; fileRef = 5AA3ABDC1E6219BF0032C9E6 /* Unitary WatchKit Extension.appex */; settings = {ATTRIBUTES = (RemoveHeadersOnCopy, ); }; };
		5AA3ABE41E6219BF0032C9E6 /* InterfaceController.swift in Sources */ = {isa = PBXBuildFile; fileRef = 5AA3ABE31E6219BF0032C9E6 /* InterfaceController.swift */; };
		5AA3ABE61E6219BF0032C9E6 /* ExtensionDelegate.swift in Sources */ = {isa = PBXBuildFile; fileRef = 5AA3ABE51E6219BF0032C9E6 /* ExtensionDelegate.swift */; };
		5AA3ABE81E6219BF0032C9E6 /* NotificationController.swift in Sources */ = {isa = PBXBuildFile; fileRef = 5AA3ABE71E6219BF0032C9E6 /* NotificationController.swift */; };
		5AA3ABEA1E6219BF0032C9E6 /* ComplicationController.swift in Sources */ = {isa = PBXBuildFile; fileRef = 5AA3ABE91E6219BF0032C9E6 /* ComplicationController.swift */; };
		5AA3ABEC1E6219BF0032C9E6 /* Assets.xcassets in Resources */ = {isa = PBXBuildFile; fileRef = 5AA3ABEB1E6219BF0032C9E6 /* Assets.xcassets */; };
/* End PBXBuildFile section */

/* Begin PBXContainerItemProxy section */
		5AA3ABBA1E6219BE0032C9E6 /* PBXContainerItemProxy */ = {
			isa = PBXContainerItemProxy;
			containerPortal = 5AA3AB9D1E6219BE0032C9E6 /* Project object */;
			proxyType = 1;
			remoteGlobalIDString = 5AA3ABA41E6219BE0032C9E6;
			remoteInfo = Unitary;
		};
		5AA3ABC51E6219BE0032C9E6 /* PBXContainerItemProxy */ = {
			isa = PBXContainerItemProxy;
			containerPortal = 5AA3AB9D1E6219BE0032C9E6 /* Project object */;
			proxyType = 1;
			remoteGlobalIDString = 5AA3ABA41E6219BE0032C9E6;
			remoteInfo = Unitary;
		};
		5AA3ABCF1E6219BE0032C9E6 /* PBXContainerItemProxy */ = {
			isa = PBXContainerItemProxy;
			containerPortal = 5AA3AB9D1E6219BE0032C9E6 /* Project object */;
			proxyType = 1;
			remoteGlobalIDString = 5AA3ABCC1E6219BE0032C9E6;
			remoteInfo = "Unitary WatchKit App";
		};
		5AA3ABDE1E6219BF0032C9E6 /* PBXContainerItemProxy */ = {
			isa = PBXContainerItemProxy;
			containerPortal = 5AA3AB9D1E6219BE0032C9E6 /* Project object */;
			proxyType = 1;
			remoteGlobalIDString = 5AA3ABDB1E6219BF0032C9E6;
			remoteInfo = "Unitary WatchKit Extension";
		};
/* End PBXContainerItemProxy section */

/* Begin PBXCopyFilesBuildPhase section */
		5AA3ABF31E6219BF0032C9E6 /* Embed App Extensions */ = {
			isa = PBXCopyFilesBuildPhase;
			buildActionMask = 2147483647;
			dstPath = "";
			dstSubfolderSpec = 13;
			files = (
				5AA3ABDD1E6219BF0032C9E6 /* Unitary WatchKit Extension.appex in Embed App Extensions */,
			);
			name = "Embed App Extensions";
			runOnlyForDeploymentPostprocessing = 0;
		};
		5AA3ABF71E6219BF0032C9E6 /* Embed Watch Content */ = {
			isa = PBXCopyFilesBuildPhase;
			buildActionMask = 2147483647;
			dstPath = "$(CONTENTS_FOLDER_PATH)/Watch";
			dstSubfolderSpec = 16;
			files = (
				5AA3ABCE1E6219BE0032C9E6 /* Unitary WatchKit App.app in Embed Watch Content */,
			);
			name = "Embed Watch Content";
			runOnlyForDeploymentPostprocessing = 0;
		};
/* End PBXCopyFilesBuildPhase section */

/* Begin PBXFileReference section */
		5AA3ABA51E6219BE0032C9E6 /* Unitary.app */ = {isa = PBXFileReference; explicitFileType = wrapper.application; includeInIndex = 0; path = Unitary.app; sourceTree = BUILT_PRODUCTS_DIR; };
		5AA3ABA81E6219BE0032C9E6 /* AppDelegate.swift */ = {isa = PBXFileReference; lastKnownFileType = sourcecode.swift; path = AppDelegate.swift; sourceTree = "<group>"; };
		5AA3ABAA1E6219BE0032C9E6 /* ViewController.swift */ = {isa = PBXFileReference; lastKnownFileType = sourcecode.swift; path = ViewController.swift; sourceTree = "<group>"; };
		5AA3ABAD1E6219BE0032C9E6 /* Base */ = {isa = PBXFileReference; lastKnownFileType = file.storyboard; name = Base; path = Base.lproj/Main.storyboard; sourceTree = "<group>"; };
		5AA3ABAF1E6219BE0032C9E6 /* Assets.xcassets */ = {isa = PBXFileReference; lastKnownFileType = folder.assetcatalog; path = Assets.xcassets; sourceTree = "<group>"; };
		5AA3ABB21E6219BE0032C9E6 /* Base */ = {isa = PBXFileReference; lastKnownFileType = file.storyboard; name = Base; path = Base.lproj/LaunchScreen.storyboard; sourceTree = "<group>"; };
		5AA3ABB41E6219BE0032C9E6 /* Info.plist */ = {isa = PBXFileReference; lastKnownFileType = text.plist.xml; path = Info.plist; sourceTree = "<group>"; };
		5AA3ABB91E6219BE0032C9E6 /* UnitaryTests.xctest */ = {isa = PBXFileReference; explicitFileType = wrapper.cfbundle; includeInIndex = 0; path = UnitaryTests.xctest; sourceTree = BUILT_PRODUCTS_DIR; };
		5AA3ABBD1E6219BE0032C9E6 /* UnitaryTests.swift */ = {isa = PBXFileReference; lastKnownFileType = sourcecode.swift; path = UnitaryTests.swift; sourceTree = "<group>"; };
		5AA3ABBF1E6219BE0032C9E6 /* Info.plist */ = {isa = PBXFileReference; lastKnownFileType = text.plist.xml; path = Info.plist; sourceTree = "<group>"; };
		5AA3ABC41E6219BE0032C9E6 /* UnitaryUITests.xctest */ = {isa = PBXFileReference; explicitFileType = wrapper.cfbundle; includeInIndex = 0; path = UnitaryUITests.xctest; sourceTree = BUILT_PRODUCTS_DIR; };
		5AA3ABC81E6219BE0032C9E6 /* UnitaryUITests.swift */ = {isa = PBXFileReference; lastKnownFileType = sourcecode.swift; path = UnitaryUITests.swift; sourceTree = "<group>"; };
		5AA3ABCA1E6219BE0032C9E6 /* Info.plist */ = {isa = PBXFileReference; lastKnownFileType = text.plist.xml; path = Info.plist; sourceTree = "<group>"; };
		5AA3ABCD1E6219BE0032C9E6 /* Unitary WatchKit App.app */ = {isa = PBXFileReference; explicitFileType = wrapper.application; includeInIndex = 0; path = "Unitary WatchKit App.app"; sourceTree = BUILT_PRODUCTS_DIR; };
		5AA3ABD31E6219BE0032C9E6 /* Base */ = {isa = PBXFileReference; lastKnownFileType = file.storyboard; name = Base; path = Base.lproj/Interface.storyboard; sourceTree = "<group>"; };
		5AA3ABD51E6219BE0032C9E6 /* Assets.xcassets */ = {isa = PBXFileReference; lastKnownFileType = folder.assetcatalog; path = Assets.xcassets; sourceTree = "<group>"; };
		5AA3ABD71E6219BF0032C9E6 /* Info.plist */ = {isa = PBXFileReference; lastKnownFileType = text.plist.xml; path = Info.plist; sourceTree = "<group>"; };
		5AA3ABDC1E6219BF0032C9E6 /* Unitary WatchKit Extension.appex */ = {isa = PBXFileReference; explicitFileType = "wrapper.app-extension"; includeInIndex = 0; path = "Unitary WatchKit Extension.appex"; sourceTree = BUILT_PRODUCTS_DIR; };
		5AA3ABE21E6219BF0032C9E6 /* PushNotificationPayload.apns */ = {isa = PBXFileReference; lastKnownFileType = text; path = PushNotificationPayload.apns; sourceTree = "<group>"; };
		5AA3ABE31E6219BF0032C9E6 /* InterfaceController.swift */ = {isa = PBXFileReference; lastKnownFileType = sourcecode.swift; path = InterfaceController.swift; sourceTree = "<group>"; };
		5AA3ABE51E6219BF0032C9E6 /* ExtensionDelegate.swift */ = {isa = PBXFileReference; lastKnownFileType = sourcecode.swift; path = ExtensionDelegate.swift; sourceTree = "<group>"; };
		5AA3ABE71E6219BF0032C9E6 /* NotificationController.swift */ = {isa = PBXFileReference; lastKnownFileType = sourcecode.swift; path = NotificationController.swift; sourceTree = "<group>"; };
		5AA3ABE91E6219BF0032C9E6 /* ComplicationController.swift */ = {isa = PBXFileReference; lastKnownFileType = sourcecode.swift; path = ComplicationController.swift; sourceTree = "<group>"; };
		5AA3ABEB1E6219BF0032C9E6 /* Assets.xcassets */ = {isa = PBXFileReference; lastKnownFileType = folder.assetcatalog; path = Assets.xcassets; sourceTree = "<group>"; };
		5AA3ABED1E6219BF0032C9E6 /* Info.plist */ = {isa = PBXFileReference; lastKnownFileType = text.plist.xml; path = Info.plist; sourceTree = "<group>"; };
/* End PBXFileReference section */

/* Begin PBXFrameworksBuildPhase section */
		5AA3ABA21E6219BE0032C9E6 /* Frameworks */ = {
			isa = PBXFrameworksBuildPhase;
			buildActionMask = 2147483647;
			files = (
			);
			runOnlyForDeploymentPostprocessing = 0;
		};
		5AA3ABB61E6219BE0032C9E6 /* Frameworks */ = {
			isa = PBXFrameworksBuildPhase;
			buildActionMask = 2147483647;
			files = (
			);
			runOnlyForDeploymentPostprocessing = 0;
		};
		5AA3ABC11E6219BE0032C9E6 /* Frameworks */ = {
			isa = PBXFrameworksBuildPhase;
			buildActionMask = 2147483647;
			files = (
			);
			runOnlyForDeploymentPostprocessing = 0;
		};
		5AA3ABD91E6219BF0032C9E6 /* Frameworks */ = {
			isa = PBXFrameworksBuildPhase;
			buildActionMask = 2147483647;
			files = (
			);
			runOnlyForDeploymentPostprocessing = 0;
		};
/* End PBXFrameworksBuildPhase section */

/* Begin PBXGroup section */
		5AA3AB9C1E6219BE0032C9E6 = {
			isa = PBXGroup;
			children = (
				5AA3ABA71E6219BE0032C9E6 /* Unitary */,
				5AA3ABBC1E6219BE0032C9E6 /* UnitaryTests */,
				5AA3ABC71E6219BE0032C9E6 /* UnitaryUITests */,
				5AA3ABD11E6219BE0032C9E6 /* Unitary WatchKit App */,
				5AA3ABE01E6219BF0032C9E6 /* Unitary WatchKit Extension */,
				5AA3ABA61E6219BE0032C9E6 /* Products */,
			);
			sourceTree = "<group>";
		};
		5AA3ABA61E6219BE0032C9E6 /* Products */ = {
			isa = PBXGroup;
			children = (
				5AA3ABA51E6219BE0032C9E6 /* Unitary.app */,
				5AA3ABB91E6219BE0032C9E6 /* UnitaryTests.xctest */,
				5AA3ABC41E6219BE0032C9E6 /* UnitaryUITests.xctest */,
				5AA3ABCD1E6219BE0032C9E6 /* Unitary WatchKit App.app */,
				5AA3ABDC1E6219BF0032C9E6 /* Unitary WatchKit Extension.appex */,
			);
			name = Products;
			sourceTree = "<group>";
		};
		5AA3ABA71E6219BE0032C9E6 /* Unitary */ = {
			isa = PBXGroup;
			children = (
				5AA3ABA81E6219BE0032C9E6 /* AppDelegate.swift */,
				5AA3ABAA1E6219BE0032C9E6 /* ViewController.swift */,
				5AA3ABAC1E6219BE0032C9E6 /* Main.storyboard */,
				5AA3ABAF1E6219BE0032C9E6 /* Assets.xcassets */,
				5AA3ABB11E6219BE0032C9E6 /* LaunchScreen.storyboard */,
				5AA3ABB41E6219BE0032C9E6 /* Info.plist */,
			);
			path = Unitary;
			sourceTree = "<group>";
		};
		5AA3ABBC1E6219BE0032C9E6 /* UnitaryTests */ = {
			isa = PBXGroup;
			children = (
				5AA3ABBD1E6219BE0032C9E6 /* UnitaryTests.swift */,
				5AA3ABBF1E6219BE0032C9E6 /* Info.plist */,
			);
			path = UnitaryTests;
			sourceTree = "<group>";
		};
		5AA3ABC71E6219BE0032C9E6 /* UnitaryUITests */ = {
			isa = PBXGroup;
			children = (
				5AA3ABC81E6219BE0032C9E6 /* UnitaryUITests.swift */,
				5AA3ABCA1E6219BE0032C9E6 /* Info.plist */,
			);
			path = UnitaryUITests;
			sourceTree = "<group>";
		};
		5AA3ABD11E6219BE0032C9E6 /* Unitary WatchKit App */ = {
			isa = PBXGroup;
			children = (
				5AA3ABD21E6219BE0032C9E6 /* Interface.storyboard */,
				5AA3ABD51E6219BE0032C9E6 /* Assets.xcassets */,
				5AA3ABD71E6219BF0032C9E6 /* Info.plist */,
			);
			path = "Unitary WatchKit App";
			sourceTree = "<group>";
		};
		5AA3ABE01E6219BF0032C9E6 /* Unitary WatchKit Extension */ = {
			isa = PBXGroup;
			children = (
				5AA3ABE31E6219BF0032C9E6 /* InterfaceController.swift */,
				5AA3ABE51E6219BF0032C9E6 /* ExtensionDelegate.swift */,
				5AA3ABE71E6219BF0032C9E6 /* NotificationController.swift */,
				5AA3ABE91E6219BF0032C9E6 /* ComplicationController.swift */,
				5AA3ABEB1E6219BF0032C9E6 /* Assets.xcassets */,
				5AA3ABED1E6219BF0032C9E6 /* Info.plist */,
				5AA3ABE11E6219BF0032C9E6 /* Supporting Files */,
			);
			path = "Unitary WatchKit Extension";
			sourceTree = "<group>";
		};
		5AA3ABE11E6219BF0032C9E6 /* Supporting Files */ = {
			isa = PBXGroup;
			children = (
				5AA3ABE21E6219BF0032C9E6 /* PushNotificationPayload.apns */,
			);
			name = "Supporting Files";
			sourceTree = "<group>";
		};
/* End PBXGroup section */

/* Begin PBXNativeTarget section */
		5AA3ABA41E6219BE0032C9E6 /* Unitary */ = {
			isa = PBXNativeTarget;
			buildConfigurationList = 5AA3ABF81E6219BF0032C9E6 /* Build configuration list for PBXNativeTarget "Unitary" */;
			buildPhases = (
				5AA3ABA11E6219BE0032C9E6 /* Sources */,
				5AA3ABA21E6219BE0032C9E6 /* Frameworks */,
				5AA3ABA31E6219BE0032C9E6 /* Resources */,
				5AA3ABF71E6219BF0032C9E6 /* Embed Watch Content */,
			);
			buildRules = (
			);
			dependencies = (
				5AA3ABD01E6219BE0032C9E6 /* PBXTargetDependency */,
			);
			name = Unitary;
			productName = Unitary;
			productReference = 5AA3ABA51E6219BE0032C9E6 /* Unitary.app */;
			productType = "com.apple.product-type.application";
		};
		5AA3ABB81E6219BE0032C9E6 /* UnitaryTests */ = {
			isa = PBXNativeTarget;
			buildConfigurationList = 5AA3ABFB1E6219BF0032C9E6 /* Build configuration list for PBXNativeTarget "UnitaryTests" */;
			buildPhases = (
				5AA3ABB51E6219BE0032C9E6 /* Sources */,
				5AA3ABB61E6219BE0032C9E6 /* Frameworks */,
				5AA3ABB71E6219BE0032C9E6 /* Resources */,
			);
			buildRules = (
			);
			dependencies = (
				5AA3ABBB1E6219BE0032C9E6 /* PBXTargetDependency */,
			);
			name = UnitaryTests;
			productName = UnitaryTests;
			productReference = 5AA3ABB91E6219BE0032C9E6 /* UnitaryTests.xctest */;
			productType = "com.apple.product-type.bundle.unit-test";
		};
		5AA3ABC31E6219BE0032C9E6 /* UnitaryUITests */ = {
			isa = PBXNativeTarget;
			buildConfigurationList = 5AA3ABFE1E6219BF0032C9E6 /* Build configuration list for PBXNativeTarget "UnitaryUITests" */;
			buildPhases = (
				5AA3ABC01E6219BE0032C9E6 /* Sources */,
				5AA3ABC11E6219BE0032C9E6 /* Frameworks */,
				5AA3ABC21E6219BE0032C9E6 /* Resources */,
			);
			buildRules = (
			);
			dependencies = (
				5AA3ABC61E6219BE0032C9E6 /* PBXTargetDependency */,
			);
			name = UnitaryUITests;
			productName = UnitaryUITests;
			productReference = 5AA3ABC41E6219BE0032C9E6 /* UnitaryUITests.xctest */;
			productType = "com.apple.product-type.bundle.ui-testing";
		};
		5AA3ABCC1E6219BE0032C9E6 /* Unitary WatchKit App */ = {
			isa = PBXNativeTarget;
			buildConfigurationList = 5AA3ABF41E6219BF0032C9E6 /* Build configuration list for PBXNativeTarget "Unitary WatchKit App" */;
			buildPhases = (
				5AA3ABCB1E6219BE0032C9E6 /* Resources */,
				5AA3ABF31E6219BF0032C9E6 /* Embed App Extensions */,
			);
			buildRules = (
			);
			dependencies = (
				5AA3ABDF1E6219BF0032C9E6 /* PBXTargetDependency */,
			);
			name = "Unitary WatchKit App";
			productName = "Unitary WatchKit App";
			productReference = 5AA3ABCD1E6219BE0032C9E6 /* Unitary WatchKit App.app */;
			productType = "com.apple.product-type.application.watchapp2";
		};
		5AA3ABDB1E6219BF0032C9E6 /* Unitary WatchKit Extension */ = {
			isa = PBXNativeTarget;
			buildConfigurationList = 5AA3ABF01E6219BF0032C9E6 /* Build configuration list for PBXNativeTarget "Unitary WatchKit Extension" */;
			buildPhases = (
				5AA3ABD81E6219BF0032C9E6 /* Sources */,
				5AA3ABD91E6219BF0032C9E6 /* Frameworks */,
				5AA3ABDA1E6219BF0032C9E6 /* Resources */,
			);
			buildRules = (
			);
			dependencies = (
			);
			name = "Unitary WatchKit Extension";
			productName = "Unitary WatchKit Extension";
			productReference = 5AA3ABDC1E6219BF0032C9E6 /* Unitary WatchKit Extension.appex */;
			productType = "com.apple.product-type.watchkit2-extension";
		};
/* End PBXNativeTarget section */

/* Begin PBXProject section */
		5AA3AB9D1E6219BE0032C9E6 /* Project object */ = {
			isa = PBXProject;
			attributes = {
				LastSwiftUpdateCheck = 0820;
				LastUpgradeCheck = 0820;
				ORGANIZATIONNAME = Kewe;
				TargetAttributes = {
					5AA3ABA41E6219BE0032C9E6 = {
						CreatedOnToolsVersion = 8.2.1;
						DevelopmentTeam = 84LL8445M7;
						ProvisioningStyle = Automatic;
					};
					5AA3ABB81E6219BE0032C9E6 = {
						CreatedOnToolsVersion = 8.2.1;
						DevelopmentTeam = 84LL8445M7;
						ProvisioningStyle = Automatic;
						TestTargetID = 5AA3ABA41E6219BE0032C9E6;
					};
					5AA3ABC31E6219BE0032C9E6 = {
						CreatedOnToolsVersion = 8.2.1;
						DevelopmentTeam = 84LL8445M7;
						ProvisioningStyle = Automatic;
						TestTargetID = 5AA3ABA41E6219BE0032C9E6;
					};
					5AA3ABCC1E6219BE0032C9E6 = {
						CreatedOnToolsVersion = 8.2.1;
						DevelopmentTeam = 84LL8445M7;
						ProvisioningStyle = Automatic;
					};
					5AA3ABDB1E6219BF0032C9E6 = {
						CreatedOnToolsVersion = 8.2.1;
						DevelopmentTeam = 84LL8445M7;
						ProvisioningStyle = Automatic;
					};
				};
			};
			buildConfigurationList = 5AA3ABA01E6219BE0032C9E6 /* Build configuration list for PBXProject "Unitary" */;
			compatibilityVersion = "Xcode 3.2";
			developmentRegion = English;
			hasScannedForEncodings = 0;
			knownRegions = (
				en,
				Base,
			);
			mainGroup = 5AA3AB9C1E6219BE0032C9E6;
			productRefGroup = 5AA3ABA61E6219BE0032C9E6 /* Products */;
			projectDirPath = "";
			projectRoot = "";
			targets = (
				5AA3ABA41E6219BE0032C9E6 /* Unitary */,
				5AA3ABB81E6219BE0032C9E6 /* UnitaryTests */,
				5AA3ABC31E6219BE0032C9E6 /* UnitaryUITests */,
				5AA3ABCC1E6219BE0032C9E6 /* Unitary WatchKit App */,
				5AA3ABDB1E6219BF0032C9E6 /* Unitary WatchKit Extension */,
			);
		};
/* End PBXProject section */

/* Begin PBXResourcesBuildPhase section */
		5AA3ABA31E6219BE0032C9E6 /* Resources */ = {
			isa = PBXResourcesBuildPhase;
			buildActionMask = 2147483647;
			files = (
				5AA3ABB31E6219BE0032C9E6 /* LaunchScreen.storyboard in Resources */,
				5AA3ABB01E6219BE0032C9E6 /* Assets.xcassets in Resources */,
				5AA3ABAE1E6219BE0032C9E6 /* Main.storyboard in Resources */,
			);
			runOnlyForDeploymentPostprocessing = 0;
		};
		5AA3ABB71E6219BE0032C9E6 /* Resources */ = {
			isa = PBXResourcesBuildPhase;
			buildActionMask = 2147483647;
			files = (
			);
			runOnlyForDeploymentPostprocessing = 0;
		};
		5AA3ABC21E6219BE0032C9E6 /* Resources */ = {
			isa = PBXResourcesBuildPhase;
			buildActionMask = 2147483647;
			files = (
			);
			runOnlyForDeploymentPostprocessing = 0;
		};
		5AA3ABCB1E6219BE0032C9E6 /* Resources */ = {
			isa = PBXResourcesBuildPhase;
			buildActionMask = 2147483647;
			files = (
				5AA3ABD61E6219BE0032C9E6 /* Assets.xcassets in Resources */,
				5AA3ABD41E6219BE0032C9E6 /* Interface.storyboard in Resources */,
			);
			runOnlyForDeploymentPostprocessing = 0;
		};
		5AA3ABDA1E6219BF0032C9E6 /* Resources */ = {
			isa = PBXResourcesBuildPhase;
			buildActionMask = 2147483647;
			files = (
				5AA3ABEC1E6219BF0032C9E6 /* Assets.xcassets in Resources */,
			);
			runOnlyForDeploymentPostprocessing = 0;
		};
/* End PBXResourcesBuildPhase section */

/* Begin PBXSourcesBuildPhase section */
		5AA3ABA11E6219BE0032C9E6 /* Sources */ = {
			isa = PBXSourcesBuildPhase;
			buildActionMask = 2147483647;
			files = (
				5AA3ABAB1E6219BE0032C9E6 /* ViewController.swift in Sources */,
				5AA3ABA91E6219BE0032C9E6 /* AppDelegate.swift in Sources */,
			);
			runOnlyForDeploymentPostprocessing = 0;
		};
		5AA3ABB51E6219BE0032C9E6 /* Sources */ = {
			isa = PBXSourcesBuildPhase;
			buildActionMask = 2147483647;
			files = (
				5AA3ABBE1E6219BE0032C9E6 /* UnitaryTests.swift in Sources */,
			);
			runOnlyForDeploymentPostprocessing = 0;
		};
		5AA3ABC01E6219BE0032C9E6 /* Sources */ = {
			isa = PBXSourcesBuildPhase;
			buildActionMask = 2147483647;
			files = (
				5AA3ABC91E6219BE0032C9E6 /* UnitaryUITests.swift in Sources */,
			);
			runOnlyForDeploymentPostprocessing = 0;
		};
		5AA3ABD81E6219BF0032C9E6 /* Sources */ = {
			isa = PBXSourcesBuildPhase;
			buildActionMask = 2147483647;
			files = (
				5AA3ABE81E6219BF0032C9E6 /* NotificationController.swift in Sources */,
				5AA3ABEA1E6219BF0032C9E6 /* ComplicationController.swift in Sources */,
				5AA3ABE61E6219BF0032C9E6 /* ExtensionDelegate.swift in Sources */,
				5AA3ABE41E6219BF0032C9E6 /* InterfaceController.swift in Sources */,
			);
			runOnlyForDeploymentPostprocessing = 0;
		};
/* End PBXSourcesBuildPhase section */

/* Begin PBXTargetDependency section */
		5AA3ABBB1E6219BE0032C9E6 /* PBXTargetDependency */ = {
			isa = PBXTargetDependency;
			target = 5AA3ABA41E6219BE0032C9E6 /* Unitary */;
			targetProxy = 5AA3ABBA1E6219BE0032C9E6 /* PBXContainerItemProxy */;
		};
		5AA3ABC61E6219BE0032C9E6 /* PBXTargetDependency */ = {
			isa = PBXTargetDependency;
			target = 5AA3ABA41E6219BE0032C9E6 /* Unitary */;
			targetProxy = 5AA3ABC51E6219BE0032C9E6 /* PBXContainerItemProxy */;
		};
		5AA3ABD01E6219BE0032C9E6 /* PBXTargetDependency */ = {
			isa = PBXTargetDependency;
			target = 5AA3ABCC1E6219BE0032C9E6 /* Unitary WatchKit App */;
			targetProxy = 5AA3ABCF1E6219BE0032C9E6 /* PBXContainerItemProxy */;
		};
		5AA3ABDF1E6219BF0032C9E6 /* PBXTargetDependency */ = {
			isa = PBXTargetDependency;
			target = 5AA3ABDB1E6219BF0032C9E6 /* Unitary WatchKit Extension */;
			targetProxy = 5AA3ABDE1E6219BF0032C9E6 /* PBXContainerItemProxy */;
		};
/* End PBXTargetDependency section */

/* Begin PBXVariantGroup section */
		5AA3ABAC1E6219BE0032C9E6 /* Main.storyboard */ = {
			isa = PBXVariantGroup;
			children = (
				5AA3ABAD1E6219BE0032C9E6 /* Base */,
			);
			name = Main.storyboard;
			sourceTree = "<group>";
		};
		5AA3ABB11E6219BE0032C9E6 /* LaunchScreen.storyboard */ = {
			isa = PBXVariantGroup;
			children = (
				5AA3ABB21E6219BE0032C9E6 /* Base */,
			);
			name = LaunchScreen.storyboard;
			sourceTree = "<group>";
		};
		5AA3ABD21E6219BE0032C9E6 /* Interface.storyboard */ = {
			isa = PBXVariantGroup;
			children = (
				5AA3ABD31E6219BE0032C9E6 /* Base */,
			);
			name = Interface.storyboard;
			sourceTree = "<group>";
		};
/* End PBXVariantGroup section */

/* Begin XCBuildConfiguration section */
		5AA3ABEE1E6219BF0032C9E6 /* Debug */ = {
			isa = XCBuildConfiguration;
			buildSettings = {
				ALWAYS_SEARCH_USER_PATHS = NO;
				CLANG_ANALYZER_NONNULL = YES;
				CLANG_CXX_LANGUAGE_STANDARD = "gnu++0x";
				CLANG_CXX_LIBRARY = "libc++";
				CLANG_ENABLE_MODULES = YES;
				CLANG_ENABLE_OBJC_ARC = YES;
				CLANG_WARN_BOOL_CONVERSION = YES;
				CLANG_WARN_CONSTANT_CONVERSION = YES;
				CLANG_WARN_DIRECT_OBJC_ISA_USAGE = YES_ERROR;
				CLANG_WARN_DOCUMENTATION_COMMENTS = YES;
				CLANG_WARN_EMPTY_BODY = YES;
				CLANG_WARN_ENUM_CONVERSION = YES;
				CLANG_WARN_INFINITE_RECURSION = YES;
				CLANG_WARN_INT_CONVERSION = YES;
				CLANG_WARN_OBJC_ROOT_CLASS = YES_ERROR;
				CLANG_WARN_SUSPICIOUS_MOVE = YES;
				CLANG_WARN_UNREACHABLE_CODE = YES;
				CLANG_WARN__DUPLICATE_METHOD_MATCH = YES;
				"CODE_SIGN_IDENTITY[sdk=iphoneos*]" = "iPhone Developer";
				COPY_PHASE_STRIP = NO;
				DEBUG_INFORMATION_FORMAT = dwarf;
				ENABLE_STRICT_OBJC_MSGSEND = YES;
				ENABLE_TESTABILITY = YES;
				GCC_C_LANGUAGE_STANDARD = gnu99;
				GCC_DYNAMIC_NO_PIC = NO;
				GCC_NO_COMMON_BLOCKS = YES;
				GCC_OPTIMIZATION_LEVEL = 0;
				GCC_PREPROCESSOR_DEFINITIONS = (
					"DEBUG=1",
					"$(inherited)",
				);
				GCC_WARN_64_TO_32_BIT_CONVERSION = YES;
				GCC_WARN_ABOUT_RETURN_TYPE = YES_ERROR;
				GCC_WARN_UNDECLARED_SELECTOR = YES;
				GCC_WARN_UNINITIALIZED_AUTOS = YES_AGGRESSIVE;
				GCC_WARN_UNUSED_FUNCTION = YES;
				GCC_WARN_UNUSED_VARIABLE = YES;
				IPHONEOS_DEPLOYMENT_TARGET = 10.2;
				MTL_ENABLE_DEBUG_INFO = YES;
				ONLY_ACTIVE_ARCH = YES;
				SDKROOT = iphoneos;
				SWIFT_ACTIVE_COMPILATION_CONDITIONS = DEBUG;
				SWIFT_OPTIMIZATION_LEVEL = "-Onone";
				TARGETED_DEVICE_FAMILY = "1,2";
			};
			name = Debug;
		};
		5AA3ABEF1E6219BF0032C9E6 /* Release */ = {
			isa = XCBuildConfiguration;
			buildSettings = {
				ALWAYS_SEARCH_USER_PATHS = NO;
				CLANG_ANALYZER_NONNULL = YES;
				CLANG_CXX_LANGUAGE_STANDARD = "gnu++0x";
				CLANG_CXX_LIBRARY = "libc++";
				CLANG_ENABLE_MODULES = YES;
				CLANG_ENABLE_OBJC_ARC = YES;
				CLANG_WARN_BOOL_CONVERSION = YES;
				CLANG_WARN_CONSTANT_CONVERSION = YES;
				CLANG_WARN_DIRECT_OBJC_ISA_USAGE = YES_ERROR;
				CLANG_WARN_DOCUMENTATION_COMMENTS = YES;
				CLANG_WARN_EMPTY_BODY = YES;
				CLANG_WARN_ENUM_CONVERSION = YES;
				CLANG_WARN_INFINITE_RECURSION = YES;
				CLANG_WARN_INT_CONVERSION = YES;
				CLANG_WARN_OBJC_ROOT_CLASS = YES_ERROR;
				CLANG_WARN_SUSPICIOUS_MOVE = YES;
				CLANG_WARN_UNREACHABLE_CODE = YES;
				CLANG_WARN__DUPLICATE_METHOD_MATCH = YES;
				"CODE_SIGN_IDENTITY[sdk=iphoneos*]" = "iPhone Developer";
				COPY_PHASE_STRIP = NO;
				DEBUG_INFORMATION_FORMAT = "dwarf-with-dsym";
				ENABLE_NS_ASSERTIONS = NO;
				ENABLE_STRICT_OBJC_MSGSEND = YES;
				GCC_C_LANGUAGE_STANDARD = gnu99;
				GCC_NO_COMMON_BLOCKS = YES;
				GCC_WARN_64_TO_32_BIT_CONVERSION = YES;
				GCC_WARN_ABOUT_RETURN_TYPE = YES_ERROR;
				GCC_WARN_UNDECLARED_SELECTOR = YES;
				GCC_WARN_UNINITIALIZED_AUTOS = YES_AGGRESSIVE;
				GCC_WARN_UNUSED_FUNCTION = YES;
				GCC_WARN_UNUSED_VARIABLE = YES;
				IPHONEOS_DEPLOYMENT_TARGET = 10.2;
				MTL_ENABLE_DEBUG_INFO = NO;
				SDKROOT = iphoneos;
				SWIFT_OPTIMIZATION_LEVEL = "-Owholemodule";
				TARGETED_DEVICE_FAMILY = "1,2";
				VALIDATE_PRODUCT = YES;
			};
			name = Release;
		};
		5AA3ABF11E6219BF0032C9E6 /* Debug */ = {
			isa = XCBuildConfiguration;
			buildSettings = {
				ASSETCATALOG_COMPILER_COMPLICATION_NAME = Complication;
				DEVELOPMENT_TEAM = 84LL8445M7;
				INFOPLIST_FILE = "Unitary WatchKit Extension/Info.plist";
				LD_RUNPATH_SEARCH_PATHS = "$(inherited) @executable_path/Frameworks @executable_path/../../Frameworks";
				PRODUCT_BUNDLE_IDENTIFIER = us.jsy.Unitary.watchkitapp.watchkitextension;
				PRODUCT_NAME = "${TARGET_NAME}";
				SDKROOT = watchos;
				SKIP_INSTALL = YES;
				SWIFT_VERSION = 3.0;
				TARGETED_DEVICE_FAMILY = 4;
				WATCHOS_DEPLOYMENT_TARGET = 3.1;
			};
			name = Debug;
		};
		5AA3ABF21E6219BF0032C9E6 /* Release */ = {
			isa = XCBuildConfiguration;
			buildSettings = {
				ASSETCATALOG_COMPILER_COMPLICATION_NAME = Complication;
				DEVELOPMENT_TEAM = 84LL8445M7;
				INFOPLIST_FILE = "Unitary WatchKit Extension/Info.plist";
				LD_RUNPATH_SEARCH_PATHS = "$(inherited) @executable_path/Frameworks @executable_path/../../Frameworks";
				PRODUCT_BUNDLE_IDENTIFIER = us.jsy.Unitary.watchkitapp.watchkitextension;
				PRODUCT_NAME = "${TARGET_NAME}";
				SDKROOT = watchos;
				SKIP_INSTALL = YES;
				SWIFT_VERSION = 3.0;
				TARGETED_DEVICE_FAMILY = 4;
				WATCHOS_DEPLOYMENT_TARGET = 3.1;
			};
			name = Release;
		};
		5AA3ABF51E6219BF0032C9E6 /* Debug */ = {
			isa = XCBuildConfiguration;
			buildSettings = {
				ALWAYS_EMBED_SWIFT_STANDARD_LIBRARIES = YES;
				ASSETCATALOG_COMPILER_APPICON_NAME = AppIcon;
				DEVELOPMENT_TEAM = 84LL8445M7;
				IBSC_MODULE = Unitary_WatchKit_Extension;
				INFOPLIST_FILE = "Unitary WatchKit App/Info.plist";
				PRODUCT_BUNDLE_IDENTIFIER = us.jsy.Unitary.watchkitapp;
				PRODUCT_NAME = "$(TARGET_NAME)";
				SDKROOT = watchos;
				SKIP_INSTALL = YES;
				SWIFT_VERSION = 3.0;
				TARGETED_DEVICE_FAMILY = 4;
				WATCHOS_DEPLOYMENT_TARGET = 3.1;
			};
			name = Debug;
		};
		5AA3ABF61E6219BF0032C9E6 /* Release */ = {
			isa = XCBuildConfiguration;
			buildSettings = {
				ALWAYS_EMBED_SWIFT_STANDARD_LIBRARIES = YES;
				ASSETCATALOG_COMPILER_APPICON_NAME = AppIcon;
				DEVELOPMENT_TEAM = 84LL8445M7;
				IBSC_MODULE = Unitary_WatchKit_Extension;
				INFOPLIST_FILE = "Unitary WatchKit App/Info.plist";
				PRODUCT_BUNDLE_IDENTIFIER = us.jsy.Unitary.watchkitapp;
				PRODUCT_NAME = "$(TARGET_NAME)";
				SDKROOT = watchos;
				SKIP_INSTALL = YES;
				SWIFT_VERSION = 3.0;
				TARGETED_DEVICE_FAMILY = 4;
				WATCHOS_DEPLOYMENT_TARGET = 3.1;
			};
			name = Release;
		};
		5AA3ABF91E6219BF0032C9E6 /* Debug */ = {
			isa = XCBuildConfiguration;
			buildSettings = {
				ASSETCATALOG_COMPILER_APPICON_NAME = AppIcon;
				DEVELOPMENT_TEAM = 84LL8445M7;
				INFOPLIST_FILE = Unitary/Info.plist;
				LD_RUNPATH_SEARCH_PATHS = "$(inherited) @executable_path/Frameworks";
				PRODUCT_BUNDLE_IDENTIFIER = us.jsy.Unitary;
				PRODUCT_NAME = "$(TARGET_NAME)";
				SWIFT_VERSION = 3.0;
			};
			name = Debug;
		};
		5AA3ABFA1E6219BF0032C9E6 /* Release */ = {
			isa = XCBuildConfiguration;
			buildSettings = {
				ASSETCATALOG_COMPILER_APPICON_NAME = AppIcon;
				DEVELOPMENT_TEAM = 84LL8445M7;
				INFOPLIST_FILE = Unitary/Info.plist;
				LD_RUNPATH_SEARCH_PATHS = "$(inherited) @executable_path/Frameworks";
				PRODUCT_BUNDLE_IDENTIFIER = us.jsy.Unitary;
				PRODUCT_NAME = "$(TARGET_NAME)";
				SWIFT_VERSION = 3.0;
			};
			name = Release;
		};
		5AA3ABFC1E6219BF0032C9E6 /* Debug */ = {
			isa = XCBuildConfiguration;
			buildSettings = {
				ALWAYS_EMBED_SWIFT_STANDARD_LIBRARIES = YES;
				BUNDLE_LOADER = "$(TEST_HOST)";
				DEVELOPMENT_TEAM = 84LL8445M7;
				INFOPLIST_FILE = UnitaryTests/Info.plist;
				LD_RUNPATH_SEARCH_PATHS = "$(inherited) @executable_path/Frameworks @loader_path/Frameworks";
				PRODUCT_BUNDLE_IDENTIFIER = us.jsy.UnitaryTests;
				PRODUCT_NAME = "$(TARGET_NAME)";
				SWIFT_VERSION = 3.0;
				TEST_HOST = "$(BUILT_PRODUCTS_DIR)/Unitary.app/Unitary";
			};
			name = Debug;
		};
		5AA3ABFD1E6219BF0032C9E6 /* Release */ = {
			isa = XCBuildConfiguration;
			buildSettings = {
				ALWAYS_EMBED_SWIFT_STANDARD_LIBRARIES = YES;
				BUNDLE_LOADER = "$(TEST_HOST)";
				DEVELOPMENT_TEAM = 84LL8445M7;
				INFOPLIST_FILE = UnitaryTests/Info.plist;
				LD_RUNPATH_SEARCH_PATHS = "$(inherited) @executable_path/Frameworks @loader_path/Frameworks";
				PRODUCT_BUNDLE_IDENTIFIER = us.jsy.UnitaryTests;
				PRODUCT_NAME = "$(TARGET_NAME)";
				SWIFT_VERSION = 3.0;
				TEST_HOST = "$(BUILT_PRODUCTS_DIR)/Unitary.app/Unitary";
			};
			name = Release;
		};
		5AA3ABFF1E6219BF0032C9E6 /* Debug */ = {
			isa = XCBuildConfiguration;
			buildSettings = {
				ALWAYS_EMBED_SWIFT_STANDARD_LIBRARIES = YES;
				DEVELOPMENT_TEAM = 84LL8445M7;
				INFOPLIST_FILE = UnitaryUITests/Info.plist;
				LD_RUNPATH_SEARCH_PATHS = "$(inherited) @executable_path/Frameworks @loader_path/Frameworks";
				PRODUCT_BUNDLE_IDENTIFIER = us.jsy.UnitaryUITests;
				PRODUCT_NAME = "$(TARGET_NAME)";
				SWIFT_VERSION = 3.0;
				TEST_TARGET_NAME = Unitary;
			};
			name = Debug;
		};
		5AA3AC001E6219BF0032C9E6 /* Release */ = {
			isa = XCBuildConfiguration;
			buildSettings = {
				ALWAYS_EMBED_SWIFT_STANDARD_LIBRARIES = YES;
				DEVELOPMENT_TEAM = 84LL8445M7;
				INFOPLIST_FILE = UnitaryUITests/Info.plist;
				LD_RUNPATH_SEARCH_PATHS = "$(inherited) @executable_path/Frameworks @loader_path/Frameworks";
				PRODUCT_BUNDLE_IDENTIFIER = us.jsy.UnitaryUITests;
				PRODUCT_NAME = "$(TARGET_NAME)";
				SWIFT_VERSION = 3.0;
				TEST_TARGET_NAME = Unitary;
			};
			name = Release;
		};
/* End XCBuildConfiguration section */

/* Begin XCConfigurationList section */
		5AA3ABA01E6219BE0032C9E6 /* Build configuration list for PBXProject "Unitary" */ = {
			isa = XCConfigurationList;
			buildConfigurations = (
				5AA3ABEE1E6219BF0032C9E6 /* Debug */,
				5AA3ABEF1E6219BF0032C9E6 /* Release */,
			);
			defaultConfigurationIsVisible = 0;
			defaultConfigurationName = Release;
		};
		5AA3ABF01E6219BF0032C9E6 /* Build configuration list for PBXNativeTarget "Unitary WatchKit Extension" */ = {
			isa = XCConfigurationList;
			buildConfigurations = (
				5AA3ABF11E6219BF0032C9E6 /* Debug */,
				5AA3ABF21E6219BF0032C9E6 /* Release */,
			);
			defaultConfigurationIsVisible = 0;
		};
		5AA3ABF41E6219BF0032C9E6 /* Build configuration list for PBXNativeTarget "Unitary WatchKit App" */ = {
			isa = XCConfigurationList;
			buildConfigurations = (
				5AA3ABF51E6219BF0032C9E6 /* Debug */,
				5AA3ABF61E6219BF0032C9E6 /* Release */,
			);
			defaultConfigurationIsVisible = 0;
		};
		5AA3ABF81E6219BF0032C9E6 /* Build configuration list for PBXNativeTarget "Unitary" */ = {
			isa = XCConfigurationList;
			buildConfigurations = (
				5AA3ABF91E6219BF0032C9E6 /* Debug */,
				5AA3ABFA1E6219BF0032C9E6 /* Release */,
			);
			defaultConfigurationIsVisible = 0;
		};
		5AA3ABFB1E6219BF0032C9E6 /* Build configuration list for PBXNativeTarget "UnitaryTests" */ = {
			isa = XCConfigurationList;
			buildConfigurations = (
				5AA3ABFC1E6219BF0032C9E6 /* Debug */,
				5AA3ABFD1E6219BF0032C9E6 /* Release */,
			);
			defaultConfigurationIsVisible = 0;
		};
		5AA3ABFE1E6219BF0032C9E6 /* Build configuration list for PBXNativeTarget "UnitaryUITests" */ = {
			isa = XCConfigurationList;
			buildConfigurations = (
				5AA3ABFF1E6219BF0032C9E6 /* Debug */,
				5AA3AC001E6219BF0032C9E6 /* Release */,
			);
			defaultConfigurationIsVisible = 0;
		};
/* End XCConfigurationList section */
	};
	rootObject = 5AA3AB9D1E6219BE0032C9E6 /* Project object */;
}
